
Microsoft Visual Studio Solution File, Format Version 12.00
# Visual Studio Version 17
VisualStudioVersion = 17.0.32014.148
MinimumVisualStudioVersion = 10.0.40219.1
Project("{9A19103F-16F7-4668-BE54-9A1E7A4F7556}") = "UnityLesson_CSharp_ProgramClass", "UnityLesson_CSharp_ProgramClass\UnityLesson_CSharp_ProgramClass.csproj", "{AF010B5E-A86E-448A-9F08-0738D1877F77}"
EndProject
Project("{9A19103F-16F7-4668-BE54-9A1E7A4F7556}") = "UnityLesson_CSharp_ProgramClass_Dotnet5", "UnityLesson_CSharp_ProgramClass_Dotnet5\UnityLesson_CSharp_ProgramClass_Dotnet5.csproj", "{DCC33D36-E83E-4C53-A846-F9DC3E5E1CA7}"
EndProject
Project("{9A19103F-16F7-4668-BE54-9A1E7A4F7556}") = "UnityLesson_CSharp_Variable", "UnityLesson_CSharp_Variable\UnityLesson_CSharp_Variable.csproj", "{E06DE601-79D0-4527-8248-9D0813D5DCFF}"
EndProject
Project("{9A19103F-16F7-4668-BE54-9A1E7A4F7556}") = "UnityLesson_CSharp_If", "UnityLesson_CSharp_If\UnityLesson_CSharp_If.csproj", "{564EB4CC-257B-4614-BFCD-2D3A3E9239A8}"
EndProject
Project("{9A19103F-16F7-4668-BE54-9A1E7A4F7556}") = "UnityLesson_CSharp_Method", "UnityLesson_CSharp_Method\UnityLesson_CSharp_Method.csproj", "{83423EFD-7F1A-4B69-995E-3CD74CC5DAE4}"
EndProject
Project("{9A19103F-16F7-4668-BE54-9A1E7A4F7556}") = "UnityLesson_CSharp_ClassIncludingVariablesFunctions", "UnityLesson_CSharp_ClassIncludingVariablesFunctions\UnityLesson_CSharp_ClassIncludingVariablesFunctions.csproj", "{9BB667E5-F3EC-4F9F-9D66-93380360E6E5}"
EndProject
Project("{9A19103F-16F7-4668-BE54-9A1E7A4F7556}") = "UnityLesson_CSharp_ClassObjectInstance", "UnityLesson_CSharp_ClassObjectInstance\UnityLesson_CSharp_ClassObjectInstance.csproj", "{E52099A0-58A3-49C1-99A3-B8DEB55ED1B7}"
EndProject
Project("{9A19103F-16F7-4668-BE54-9A1E7A4F7556}") = "UnityLesson_CSharp_InstantiationOfObject", "UnityLesson_CSharp_InstantiationOfObject\UnityLesson_CSharp_InstantiationOfObject.csproj", "{C7447736-256D-4EA5-8A7D-514894E47A80}"
EndProject
Project("{9A19103F-16F7-4668-BE54-9A1E7A4F7556}") = "UnityLesson_CSharp_StaticExample", "UnityLesson_CSharp_StaticExample\UnityLesson_CSharp_StaticExample.csproj", "{5F92B8C1-F9CD-4BE0-9747-CB3289E06C0F}"
EndProject
Project("{9A19103F-16F7-4668-BE54-9A1E7A4F7556}") = "UnityLesson_CSharp_InstantiationExample1", "UnityLesson_CSharp_InstantiationExample1\UnityLesson_CSharp_InstantiationExample1.csproj", "{76AE2833-50AF-4942-B58E-4A14507CBC76}"
EndProject
Project("{9A19103F-16F7-4668-BE54-9A1E7A4F7556}") = "UnityLesson_CSharp_Operator", "UnityLesson_CSharp_Operator\UnityLesson_CSharp_Operator.csproj", "{65F44722-C0F2-49E0-BD72-7398B90F5069}"
EndProject
Project("{9A19103F-16F7-4668-BE54-9A1E7A4F7556}") = "UnityLesson_CSharp_Array", "UnityLesson_CSharp_Array\UnityLesson_CSharp_Array.csproj", "{6B4AFF47-3557-4825-9EEB-DC1C32EF837A}"
EndProject
Project("{9A19103F-16F7-4668-BE54-9A1E7A4F7556}") = "UnityLesson_CSharp_WhileLoop", "UnityLesson_CSharp_WhileLoop\UnityLesson_CSharp_WhileLoop.csproj", "{1B080F38-E15C-40C8-9288-0D4F12AFBE33}"
EndProject
Project("{9A19103F-16F7-4668-BE54-9A1E7A4F7556}") = "UnityLesson_CSharp_ForLoop", "UnityLesson_CSharp_ForLoop\UnityLesson_CSharp_ForLoop.csproj", "{9FDBC6DE-CA25-4056-9DB3-384AD63EA590}"
EndProject
Project("{9A19103F-16F7-4668-BE54-9A1E7A4F7556}") = "UnityLesson_CSharp_ForLoopExample", "UnityLesson_CSharp_ForLoopExample\UnityLesson_CSharp_ForLoopExample.csproj", "{1A205B78-672F-4901-856A-573847EDB831}"
EndProject
Project("{9A19103F-16F7-4668-BE54-9A1E7A4F7556}") = "UnityLesson_CSharp_Collection", "UnityLesson_CSharp_Collection\UnityLesson_CSharp_Collection.csproj", "{08B603F9-7AB7-4E37-A176-63265194A22D}"
EndProject
Project("{FAE04EC0-301F-11D3-BF4B-00C04F79EFBC}") = "UnityLesson_CSharp_EnumAndSwitchCase", "UnityLesson_CSharp_EnumAndSwitchCase\UnityLesson_CSharp_EnumAndSwitchCase.csproj", "{163119E1-E54E-4A00-9637-FEFD3B6420DC}"
EndProject
Project("{FAE04EC0-301F-11D3-BF4B-00C04F79EFBC}") = "UnityLesson_CSharp_Structure", "UnityLesson_CSharp_Structure\UnityLesson_CSharp_Structure.csproj", "{E7E429FC-957D-4F27-84A1-02FAD5320D58}"
EndProject
Global
	GlobalSection(SolutionConfigurationPlatforms) = preSolution
		Debug|Any CPU = Debug|Any CPU
		Release|Any CPU = Release|Any CPU
	EndGlobalSection
	GlobalSection(ProjectConfigurationPlatforms) = postSolution
		{AF010B5E-A86E-448A-9F08-0738D1877F77}.Debug|Any CPU.ActiveCfg = Debug|Any CPU
		{AF010B5E-A86E-448A-9F08-0738D1877F77}.Debug|Any CPU.Build.0 = Debug|Any CPU
		{AF010B5E-A86E-448A-9F08-0738D1877F77}.Release|Any CPU.ActiveCfg = Release|Any CPU
		{AF010B5E-A86E-448A-9F08-0738D1877F77}.Release|Any CPU.Build.0 = Release|Any CPU
		{DCC33D36-E83E-4C53-A846-F9DC3E5E1CA7}.Debug|Any CPU.ActiveCfg = Debug|Any CPU
		{DCC33D36-E83E-4C53-A846-F9DC3E5E1CA7}.Debug|Any CPU.Build.0 = Debug|Any CPU
		{DCC33D36-E83E-4C53-A846-F9DC3E5E1CA7}.Release|Any CPU.ActiveCfg = Release|Any CPU
		{DCC33D36-E83E-4C53-A846-F9DC3E5E1CA7}.Release|Any CPU.Build.0 = Release|Any CPU
		{E06DE601-79D0-4527-8248-9D0813D5DCFF}.Debug|Any CPU.ActiveCfg = Debug|Any CPU
		{E06DE601-79D0-4527-8248-9D0813D5DCFF}.Debug|Any CPU.Build.0 = Debug|Any CPU
		{E06DE601-79D0-4527-8248-9D0813D5DCFF}.Release|Any CPU.ActiveCfg = Release|Any CPU
		{E06DE601-79D0-4527-8248-9D0813D5DCFF}.Release|Any CPU.Build.0 = Release|Any CPU
		{564EB4CC-257B-4614-BFCD-2D3A3E9239A8}.Debug|Any CPU.ActiveCfg = Debug|Any CPU
		{564EB4CC-257B-4614-BFCD-2D3A3E9239A8}.Debug|Any CPU.Build.0 = Debug|Any CPU
		{564EB4CC-257B-4614-BFCD-2D3A3E9239A8}.Release|Any CPU.ActiveCfg = Release|Any CPU
		{564EB4CC-257B-4614-BFCD-2D3A3E9239A8}.Release|Any CPU.Build.0 = Release|Any CPU
		{83423EFD-7F1A-4B69-995E-3CD74CC5DAE4}.Debug|Any CPU.ActiveCfg = Debug|Any CPU
		{83423EFD-7F1A-4B69-995E-3CD74CC5DAE4}.Debug|Any CPU.Build.0 = Debug|Any CPU
		{83423EFD-7F1A-4B69-995E-3CD74CC5DAE4}.Release|Any CPU.ActiveCfg = Release|Any CPU
		{83423EFD-7F1A-4B69-995E-3CD74CC5DAE4}.Release|Any CPU.Build.0 = Release|Any CPU
		{9BB667E5-F3EC-4F9F-9D66-93380360E6E5}.Debug|Any CPU.ActiveCfg = Debug|Any CPU
		{9BB667E5-F3EC-4F9F-9D66-93380360E6E5}.Debug|Any CPU.Build.0 = Debug|Any CPU
		{9BB667E5-F3EC-4F9F-9D66-93380360E6E5}.Release|Any CPU.ActiveCfg = Release|Any CPU
		{9BB667E5-F3EC-4F9F-9D66-93380360E6E5}.Release|Any CPU.Build.0 = Release|Any CPU
		{E52099A0-58A3-49C1-99A3-B8DEB55ED1B7}.Debug|Any CPU.ActiveCfg = Debug|Any CPU
		{E52099A0-58A3-49C1-99A3-B8DEB55ED1B7}.Debug|Any CPU.Build.0 = Debug|Any CPU
		{E52099A0-58A3-49C1-99A3-B8DEB55ED1B7}.Release|Any CPU.ActiveCfg = Release|Any CPU
		{E52099A0-58A3-49C1-99A3-B8DEB55ED1B7}.Release|Any CPU.Build.0 = Release|Any CPU
		{C7447736-256D-4EA5-8A7D-514894E47A80}.Debug|Any CPU.ActiveCfg = Debug|Any CPU
		{C7447736-256D-4EA5-8A7D-514894E47A80}.Debug|Any CPU.Build.0 = Debug|Any CPU
		{C7447736-256D-4EA5-8A7D-514894E47A80}.Release|Any CPU.ActiveCfg = Release|Any CPU
		{C7447736-256D-4EA5-8A7D-514894E47A80}.Release|Any CPU.Build.0 = Release|Any CPU
		{5F92B8C1-F9CD-4BE0-9747-CB3289E06C0F}.Debug|Any CPU.ActiveCfg = Debug|Any CPU
		{5F92B8C1-F9CD-4BE0-9747-CB3289E06C0F}.Debug|Any CPU.Build.0 = Debug|Any CPU
		{5F92B8C1-F9CD-4BE0-9747-CB3289E06C0F}.Release|Any CPU.ActiveCfg = Release|Any CPU
		{5F92B8C1-F9CD-4BE0-9747-CB3289E06C0F}.Release|Any CPU.Build.0 = Release|Any CPU
		{76AE2833-50AF-4942-B58E-4A14507CBC76}.Debug|Any CPU.ActiveCfg = Debug|Any CPU
		{76AE2833-50AF-4942-B58E-4A14507CBC76}.Debug|Any CPU.Build.0 = Debug|Any CPU
		{76AE2833-50AF-4942-B58E-4A14507CBC76}.Release|Any CPU.ActiveCfg = Release|Any CPU
		{76AE2833-50AF-4942-B58E-4A14507CBC76}.Release|Any CPU.Build.0 = Release|Any CPU
		{65F44722-C0F2-49E0-BD72-7398B90F5069}.Debug|Any CPU.ActiveCfg = Debug|Any CPU
		{65F44722-C0F2-49E0-BD72-7398B90F5069}.Debug|Any CPU.Build.0 = Debug|Any CPU
		{65F44722-C0F2-49E0-BD72-7398B90F5069}.Release|Any CPU.ActiveCfg = Release|Any CPU
		{65F44722-C0F2-49E0-BD72-7398B90F5069}.Release|Any CPU.Build.0 = Release|Any CPU
		{6B4AFF47-3557-4825-9EEB-DC1C32EF837A}.Debug|Any CPU.ActiveCfg = Debug|Any CPU
		{6B4AFF47-3557-4825-9EEB-DC1C32EF837A}.Debug|Any CPU.Build.0 = Debug|Any CPU
		{6B4AFF47-3557-4825-9EEB-DC1C32EF837A}.Release|Any CPU.ActiveCfg = Release|Any CPU
		{6B4AFF47-3557-4825-9EEB-DC1C32EF837A}.Release|Any CPU.Build.0 = Release|Any CPU
		{1B080F38-E15C-40C8-9288-0D4F12AFBE33}.Debug|Any CPU.ActiveCfg = Debug|Any CPU
		{1B080F38-E15C-40C8-9288-0D4F12AFBE33}.Debug|Any CPU.Build.0 = Debug|Any CPU
		{1B080F38-E15C-40C8-9288-0D4F12AFBE33}.Release|Any CPU.ActiveCfg = Release|Any CPU
		{1B080F38-E15C-40C8-9288-0D4F12AFBE33}.Release|Any CPU.Build.0 = Release|Any CPU
		{9FDBC6DE-CA25-4056-9DB3-384AD63EA590}.Debug|Any CPU.ActiveCfg = Debug|Any CPU
		{9FDBC6DE-CA25-4056-9DB3-384AD63EA590}.Debug|Any CPU.Build.0 = Debug|Any CPU
		{9FDBC6DE-CA25-4056-9DB3-384AD63EA590}.Release|Any CPU.ActiveCfg = Release|Any CPU
		{9FDBC6DE-CA25-4056-9DB3-384AD63EA590}.Release|Any CPU.Build.0 = Release|Any CPU
		{1A205B78-672F-4901-856A-573847EDB831}.Debug|Any CPU.ActiveCfg = Debug|Any CPU
		{1A205B78-672F-4901-856A-573847EDB831}.Debug|Any CPU.Build.0 = Debug|Any CPU
		{1A205B78-672F-4901-856A-573847EDB831}.Release|Any CPU.ActiveCfg = Release|Any CPU
		{1A205B78-672F-4901-856A-573847EDB831}.Release|Any CPU.Build.0 = Release|Any CPU
		{08B603F9-7AB7-4E37-A176-63265194A22D}.Debug|Any CPU.ActiveCfg = Debug|Any CPU
		{08B603F9-7AB7-4E37-A176-63265194A22D}.Debug|Any CPU.Build.0 = Debug|Any CPU
		{08B603F9-7AB7-4E37-A176-63265194A22D}.Release|Any CPU.ActiveCfg = Release|Any CPU
		{08B603F9-7AB7-4E37-A176-63265194A22D}.Release|Any CPU.Build.0 = Release|Any CPU
		{163119E1-E54E-4A00-9637-FEFD3B6420DC}.Debug|Any CPU.ActiveCfg = Debug|Any CPU
		{163119E1-E54E-4A00-9637-FEFD3B6420DC}.Debug|Any CPU.Build.0 = Debug|Any CPU
		{163119E1-E54E-4A00-9637-FEFD3B6420DC}.Release|Any CPU.ActiveCfg = Release|Any CPU
		{163119E1-E54E-4A00-9637-FEFD3B6420DC}.Release|Any CPU.Build.0 = Release|Any CPU
		{E7E429FC-957D-4F27-84A1-02FAD5320D58}.Debug|Any CPU.ActiveCfg = Debug|Any CPU
		{E7E429FC-957D-4F27-84A1-02FAD5320D58}.Debug|Any CPU.Build.0 = Debug|Any CPU
		{E7E429FC-957D-4F27-84A1-02FAD5320D58}.Release|Any CPU.ActiveCfg = Release|Any CPU
		{E7E429FC-957D-4F27-84A1-02FAD5320D58}.Release|Any CPU.Build.0 = Release|Any CPU
	EndGlobalSection
	GlobalSection(SolutionProperties) = preSolution
		HideSolutionNode = FALSE
	EndGlobalSection
	GlobalSection(ExtensibilityGlobals) = postSolution
		SolutionGuid = {111FCD1A-8203-4598-96B2-3E446D23D4C0}
	EndGlobalSection
EndGlobal
