
Microsoft Visual Studio Solution File, Format Version 12.00
# Visual Studio Version 17
VisualStudioVersion = 17.0.32014.148
MinimumVisualStudioVersion = 10.0.40219.1
Project("{9A19103F-16F7-4668-BE54-9A1E7A4F7556}") = "UnityLesson_CSharp_ProgramClass", "UnityLesson_CSharp_ProgramClass\UnityLesson_CSharp_ProgramClass.csproj", "{AF010B5E-A86E-448A-9F08-0738D1877F77}"
EndProject
Project("{FAE04EC0-301F-11D3-BF4B-00C04F79EFBC}") = "UnityLesson_CSharp_ProgramClass_Dotnet5", "UnityLesson_CSharp_ProgramClass_Dotnet5\UnityLesson_CSharp_ProgramClass_Dotnet5.csproj", "{DCC33D36-E83E-4C53-A846-F9DC3E5E1CA7}"
EndProject
Project("{FAE04EC0-301F-11D3-BF4B-00C04F79EFBC}") = "UnityLesson_CSharp_Variable", "UnityLesson_CSharp_Variable\UnityLesson_CSharp_Variable.csproj", "{E06DE601-79D0-4527-8248-9D0813D5DCFF}"
EndProject
Project("{FAE04EC0-301F-11D3-BF4B-00C04F79EFBC}") = "UnityLesson_CSharp_If", "UnityLesson_CSharp_If\UnityLesson_CSharp_If.csproj", "{564EB4CC-257B-4614-BFCD-2D3A3E9239A8}"
EndProject
Project("{FAE04EC0-301F-11D3-BF4B-00C04F79EFBC}") = "UnityLesson_CSharp_Method", "UnityLesson_CSharp_Method\UnityLesson_CSharp_Method.csproj", "{83423EFD-7F1A-4B69-995E-3CD74CC5DAE4}"
EndProject
Global
	GlobalSection(SolutionConfigurationPlatforms) = preSolution
		Debug|Any CPU = Debug|Any CPU
		Release|Any CPU = Release|Any CPU
	EndGlobalSection
	GlobalSection(ProjectConfigurationPlatforms) = postSolution
		{AF010B5E-A86E-448A-9F08-0738D1877F77}.Debug|Any CPU.ActiveCfg = Debug|Any CPU
		{AF010B5E-A86E-448A-9F08-0738D1877F77}.Debug|Any CPU.Build.0 = Debug|Any CPU
		{AF010B5E-A86E-448A-9F08-0738D1877F77}.Release|Any CPU.ActiveCfg = Release|Any CPU
		{AF010B5E-A86E-448A-9F08-0738D1877F77}.Release|Any CPU.Build.0 = Release|Any CPU
		{DCC33D36-E83E-4C53-A846-F9DC3E5E1CA7}.Debug|Any CPU.ActiveCfg = Debug|Any CPU
		{DCC33D36-E83E-4C53-A846-F9DC3E5E1CA7}.Debug|Any CPU.Build.0 = Debug|Any CPU
		{DCC33D36-E83E-4C53-A846-F9DC3E5E1CA7}.Release|Any CPU.ActiveCfg = Release|Any CPU
		{DCC33D36-E83E-4C53-A846-F9DC3E5E1CA7}.Release|Any CPU.Build.0 = Release|Any CPU
		{E06DE601-79D0-4527-8248-9D0813D5DCFF}.Debug|Any CPU.ActiveCfg = Debug|Any CPU
		{E06DE601-79D0-4527-8248-9D0813D5DCFF}.Debug|Any CPU.Build.0 = Debug|Any CPU
		{E06DE601-79D0-4527-8248-9D0813D5DCFF}.Release|Any CPU.ActiveCfg = Release|Any CPU
		{E06DE601-79D0-4527-8248-9D0813D5DCFF}.Release|Any CPU.Build.0 = Release|Any CPU
		{564EB4CC-257B-4614-BFCD-2D3A3E9239A8}.Debug|Any CPU.ActiveCfg = Debug|Any CPU
		{564EB4CC-257B-4614-BFCD-2D3A3E9239A8}.Debug|Any CPU.Build.0 = Debug|Any CPU
		{564EB4CC-257B-4614-BFCD-2D3A3E9239A8}.Release|Any CPU.ActiveCfg = Release|Any CPU
		{564EB4CC-257B-4614-BFCD-2D3A3E9239A8}.Release|Any CPU.Build.0 = Release|Any CPU
		{83423EFD-7F1A-4B69-995E-3CD74CC5DAE4}.Debug|Any CPU.ActiveCfg = Debug|Any CPU
		{83423EFD-7F1A-4B69-995E-3CD74CC5DAE4}.Debug|Any CPU.Build.0 = Debug|Any CPU
		{83423EFD-7F1A-4B69-995E-3CD74CC5DAE4}.Release|Any CPU.ActiveCfg = Release|Any CPU
		{83423EFD-7F1A-4B69-995E-3CD74CC5DAE4}.Release|Any CPU.Build.0 = Release|Any CPU
	EndGlobalSection
	GlobalSection(SolutionProperties) = preSolution
		HideSolutionNode = FALSE
	EndGlobalSection
	GlobalSection(ExtensibilityGlobals) = postSolution
		SolutionGuid = {111FCD1A-8203-4598-96B2-3E446D23D4C0}
	EndGlobalSection
EndGlobal
